Microsoft Visual Studio Solution File, Format Version 12.00
# Visual Studio Version 17
VisualStudioVersion = 17.5.2.0
MinimumVisualStudioVersion = 10.0.40219.1
Project("{FAE04EC0-301F-11D3-BF4B-00C04F79EFBC}") = "Factory Method", "Factory Method.csproj", "{DCDD258A-5086-D371-AF84-056D337642A6}"
EndProject
Global
	GlobalSection(SolutionConfigurationPlatforms) = preSolution
		Debug|Any CPU = Debug|Any CPU
		Release|Any CPU = Release|Any CPU
	EndGlobalSection
	GlobalSection(ProjectConfigurationPlatforms) = postSolution
		{DCDD258A-5086-D371-AF84-056D337642A6}.Debug|Any CPU.ActiveCfg = Debug|Any CPU
		{DCDD258A-5086-D371-AF84-056D337642A6}.Debug|Any CPU.Build.0 = Debug|Any CPU
		{DCDD258A-5086-D371-AF84-056D337642A6}.Release|Any CPU.ActiveCfg = Release|Any CPU
		{DCDD258A-5086-D371-AF84-056D337642A6}.Release|Any CPU.Build.0 = Release|Any CPU
	EndGlobalSection
	GlobalSection(SolutionProperties) = preSolution
		HideSolutionNode = FALSE
	EndGlobalSection
	GlobalSection(ExtensibilityGlobals) = postSolution
		SolutionGuid = {437B04A5-AD16-4211-92E8-7FF11D3007BC}
	EndGlobalSection
EndGlobal
